
Microsoft Visual Studio Solution File, Format Version 12.00
# Visual Studio 15
VisualStudioVersion = 15.0.28307.329
MinimumVisualStudioVersion = 10.0.40219.1
Project("{FAE04EC0-301F-11D3-BF4B-00C04F79EFBC}") = "helpers_fisrttake", "helpers_fisrttake\helpers_fisrttake.csproj", "{D530B10A-D994-4745-A645-F805F7333139}"
EndProject
Global
	GlobalSection(SolutionConfigurationPlatforms) = preSolution
		Debug|Any CPU = Debug|Any CPU
		Release|Any CPU = Release|Any CPU
	EndGlobalSection
	GlobalSection(ProjectConfigurationPlatforms) = postSolution
		{D530B10A-D994-4745-A645-F805F7333139}.Debug|Any CPU.ActiveCfg = Debug|Any CPU
		{D530B10A-D994-4745-A645-F805F7333139}.Debug|Any CPU.Build.0 = Debug|Any CPU
		{D530B10A-D994-4745-A645-F805F7333139}.Release|Any CPU.ActiveCfg = Release|Any CPU
		{D530B10A-D994-4745-A645-F805F7333139}.Release|Any CPU.Build.0 = Release|Any CPU
	EndGlobalSection
	GlobalSection(SolutionProperties) = preSolution
		HideSolutionNode = FALSE
	EndGlobalSection
	GlobalSection(ExtensibilityGlobals) = postSolution
		SolutionGuid = {6C361BF5-0DD3-447A-8793-C97CD8FFE2DC}
	EndGlobalSection
EndGlobal
